
Microsoft Visual Studio Solution File, Format Version 12.00
# Visual Studio Version 16
VisualStudioVersion = 16.0.30717.126
MinimumVisualStudioVersion = 10.0.40219.1
Project("{FAE04EC0-301F-11D3-BF4B-00C04F79EFBC}") = "Paradigma2", "Paradigma2\Paradigma2.csproj", "{C9AEFBBB-E71D-44A6-BD3D-BB2945CE2A4A}"
EndProject
Global
	GlobalSection(SolutionConfigurationPlatforms) = preSolution
		Debug|Any CPU = Debug|Any CPU
		Release|Any CPU = Release|Any CPU
	EndGlobalSection
	GlobalSection(ProjectConfigurationPlatforms) = postSolution
		{C9AEFBBB-E71D-44A6-BD3D-BB2945CE2A4A}.Debug|Any CPU.ActiveCfg = Debug|Any CPU
		{C9AEFBBB-E71D-44A6-BD3D-BB2945CE2A4A}.Debug|Any CPU.Build.0 = Debug|Any CPU
		{C9AEFBBB-E71D-44A6-BD3D-BB2945CE2A4A}.Release|Any CPU.ActiveCfg = Release|Any CPU
		{C9AEFBBB-E71D-44A6-BD3D-BB2945CE2A4A}.Release|Any CPU.Build.0 = Release|Any CPU
	EndGlobalSection
	GlobalSection(SolutionProperties) = preSolution
		HideSolutionNode = FALSE
	EndGlobalSection
	GlobalSection(ExtensibilityGlobals) = postSolution
		SolutionGuid = {F7E9129E-A9EC-435E-A2C8-438E087403F5}
	EndGlobalSection
EndGlobal
